%{
  "benchee": {:hex, :benchee, "1.0.1", "66b211f9bfd84bd97e6d1beaddf8fc2312aaabe192f776e8931cb0c16f53a521", [:mix], [{:deep_merge, "~> 1.0", [hex: :deep_merge, repo: "hexpm", optional: false]}], "hexpm", "3ad58ae787e9c7c94dd7ceda3b587ec2c64604563e049b2a0e8baafae832addb"},
  "calendar_interval": {:hex, :calendar_interval, "0.2.0", "2b253b1e37ee1d4344639a3cbfb12abd0e996e4a8181537eb33c3e93fdfaffd9", [:mix], [], "hexpm", "c13d5e0108e61808a38f622987e1c5e881d96d28945213d3efe6dd06c28ba7b0"},
  "cldr_utils": {:hex, :cldr_utils, "2.17.0", "05453797e5b89f936c54c5602ac881e46b1ba4423a803c27a414466f4b598c94", [:mix], [{:castore, "~> 0.1", [hex: :castore, repo: "hexpm", optional: true]}, {:certifi, "~> 2.5", [hex: :certifi, repo: "hexpm", optional: true]}, {:decimal, "~> 1.9 or ~> 2.0", [hex: :decimal, repo: "hexpm", optional: false]}], "hexpm", "6077ddaaa155f27755638225617bdc00c004f39b3c9355b688e52a3fc98d57e8"},
  "decimal": {:hex, :decimal, "2.0.0", "a78296e617b0f5dd4c6caf57c714431347912ffb1d0842e998e9792b5642d697", [:mix], [], "hexpm", "34666e9c55dea81013e77d9d87370fe6cb6291d1ef32f46a1600230b1d44f577"},
  "deep_merge": {:hex, :deep_merge, "1.0.0", "b4aa1a0d1acac393bdf38b2291af38cb1d4a52806cf7a4906f718e1feb5ee961", [:mix], [], "hexpm", "ce708e5f094b9cd4e8f2be4f00d2f4250c4095be93f8cd6d018c753894885430"},
  "dialyxir": {:hex, :dialyxir, "1.1.0", "c5aab0d6e71e5522e77beff7ba9e08f8e02bad90dfbeffae60eaf0cb47e29488", [:mix], [{:erlex, ">= 0.2.6", [hex: :erlex, repo: "hexpm", optional: false]}], "hexpm", "07ea8e49c45f15264ebe6d5b93799d4dd56a44036cf42d0ad9c960bc266c0b9a"},
  "earmark": {:hex, :earmark, "1.4.14", "d04572cef64dd92726a97d92d714e38d6e130b024ea1b3f8a56e7de66ec04e50", [:mix], [{:earmark_parser, ">= 1.4.12", [hex: :earmark_parser, repo: "hexpm", optional: false]}], "hexpm", "df338b8b1852ee425180b276c56c6941cb12220e04fe8718fe4acbdd35fd699f"},
  "earmark_parser": {:hex, :earmark_parser, "1.4.18", "e1b2be73eb08a49fb032a0208bf647380682374a725dfb5b9e510def8397f6f2", [:mix], [], "hexpm", "114a0e85ec3cf9e04b811009e73c206394ffecfcc313e0b346de0d557774ee97"},
  "erlex": {:hex, :erlex, "0.2.6", "c7987d15e899c7a2f34f5420d2a2ea0d659682c06ac607572df55a43753aa12e", [:mix], [], "hexpm", "2ed2e25711feb44d52b17d2780eabf998452f6efda104877a3881c2f8c0c0c75"},
  "ex_cldr": {:hex, :ex_cldr, "2.24.2", "9ff995503074883993c373882a8b663e2680acd4aedb1b92838b36cb2a470bae", [:mix], [{:castore, "~> 0.1", [hex: :castore, repo: "hexpm", optional: true]}, {:certifi, "~> 2.5", [hex: :certifi, repo: "hexpm", optional: true]}, {:cldr_utils, "~> 2.17", [hex: :cldr_utils, repo: "hexpm", optional: false]}, {:decimal, "~> 1.6 or ~> 2.0", [hex: :decimal, repo: "hexpm", optional: false]}, {:gettext, "~> 0.13", [hex: :gettext, repo: "hexpm", optional: true]}, {:jason, "~> 1.0", [hex: :jason, repo: "hexpm", optional: true]}, {:nimble_parsec, "~> 0.5 or ~> 1.0", [hex: :nimble_parsec, repo: "hexpm", optional: true]}, {:plug, "~> 1.9", [hex: :plug, repo: "hexpm", optional: true]}], "hexpm", "72e33b7bac19a24bf1918d519d0cb5ad33a56cd53faa89c65f5bf79b873d93bb"},
  "ex_cldr_calendars": {:hex, :ex_cldr_calendars, "1.17.1", "1371b2769ea892aa1c85f60c1358bf3558c021d4e3e824e27efc89c5d5f121cd", [:mix], [{:calendar_interval, "~> 0.2", [hex: :calendar_interval, repo: "hexpm", optional: true]}, {:ex_cldr, "~> 2.24", [hex: :ex_cldr, repo: "hexpm", optional: false]}, {:ex_cldr_lists, "~> 2.9", [hex: :ex_cldr_lists, repo: "hexpm", optional: true]}, {:ex_cldr_units, "~> 3.8", [hex: :ex_cldr_units, repo: "hexpm", optional: true]}, {:ex_doc, "~> 0.21", [hex: :ex_doc, repo: "hexpm", optional: true]}, {:jason, "~> 1.0", [hex: :jason, repo: "hexpm", optional: false]}], "hexpm", "0d57e476e8042f240ed4b8baeef0f12b7b8a4e22e4da97a33e2a85b11adc7bb4"},
  "ex_cldr_currencies": {:hex, :ex_cldr_currencies, "2.12.0", "933b188d3a529e4a1140aac44d1d563b5ed0028d76c66983d85134b5e8f15393", [:mix], [{:ex_cldr, "~> 2.24", [hex: :ex_cldr, repo: "hexpm", optional: false]}, {:jason, "~> 1.0", [hex: :jason, repo: "hexpm", optional: true]}], "hexpm", "245ee8fb459cdfaffbfbfe31f8924e8cc31f92a962640f14fc4c3ddaf1ab8f12"},
  "ex_cldr_numbers": {:hex, :ex_cldr_numbers, "2.23.3", "d10f26b47b8f0a02ee28f5c8b8323a7acbe781e7b7f42d6e7ed916a5d9a45177", [:mix], [{:decimal, "~> 1.6 or ~> 2.0", [hex: :decimal, repo: "hexpm", optional: false]}, {:ex_cldr, "~> 2.24", [hex: :ex_cldr, repo: "hexpm", optional: false]}, {:ex_cldr_currencies, "~> 2.12", [hex: :ex_cldr_currencies, repo: "hexpm", optional: false]}, {:jason, "~> 1.0", [hex: :jason, repo: "hexpm", optional: true]}], "hexpm", "2c55e4391c70d50900b22fcbbc4e85359be66b98d3a82b8c9ec66ab3f5efa4a6"},
  "ex_doc": {:hex, :ex_doc, "0.26.0", "1922164bac0b18b02f84d6f69cab1b93bc3e870e2ad18d5dacb50a9e06b542a3", [:mix], [{:earmark_parser, "~> 1.4.0", [hex: :earmark_parser, repo: "hexpm", optional: false]}, {:makeup_elixir, "~> 0.14", [hex: :makeup_elixir, repo: "hexpm", optional: false]}, {:makeup_erlang, "~> 0.1", [hex: :makeup_erlang, repo: "hexpm", optional: false]}], "hexpm", "2775d66e494a9a48355db7867478ffd997864c61c65a47d31c4949459281c78d"},
  "exprintf": {:hex, :exprintf, "0.2.1", "b7e895dfb00520cfb7fc1671303b63b37dc3897c59be7cbf1ae62f766a8a0314", [:mix], [], "hexpm", "20a0e8c880be90e56a77fcc82533c5d60c643915c7ce0cc8aa1e06ed6001da28"},
  "exprof": {:hex, :exprof, "0.2.4", "13ddc0575a6d24b52e7c6809d2a46e9ad63a4dd179628698cdbb6c1f6e497c98", [:mix], [{:exprintf, "~> 0.2", [hex: :exprintf, repo: "hexpm", optional: false]}], "hexpm", "0884bcb66afc421c75d749156acbb99034cc7db6d3b116c32e36f32551106957"},
  "jason": {:hex, :jason, "1.2.2", "ba43e3f2709fd1aa1dce90aaabfd039d000469c05c56f0b8e31978e03fa39052", [:mix], [{:decimal, "~> 1.0 or ~> 2.0", [hex: :decimal, repo: "hexpm", optional: true]}], "hexpm", "18a228f5f0058ee183f29f9eae0805c6e59d61c3b006760668d8d18ff0d12179"},
  "makeup": {:hex, :makeup, "1.0.5", "d5a830bc42c9800ce07dd97fa94669dfb93d3bf5fcf6ea7a0c67b2e0e4a7f26c", [:mix], [{:nimble_parsec, "~> 0.5 or ~> 1.0", [hex: :nimble_parsec, repo: "hexpm", optional: false]}], "hexpm", "cfa158c02d3f5c0c665d0af11512fed3fba0144cf1aadee0f2ce17747fba2ca9"},
  "makeup_elixir": {:hex, :makeup_elixir, "0.15.2", "dc72dfe17eb240552857465cc00cce390960d9a0c055c4ccd38b70629227e97c", [:mix], [{:makeup, "~> 1.0", [hex: :makeup, repo: "hexpm", optional: false]}, {:nimble_parsec, "~> 1.1", [hex: :nimble_parsec, repo: "hexpm", optional: false]}], "hexpm", "fd23ae48d09b32eff49d4ced2b43c9f086d402ee4fd4fcb2d7fad97fa8823e75"},
  "makeup_erlang": {:hex, :makeup_erlang, "0.1.1", "3fcb7f09eb9d98dc4d208f49cc955a34218fc41ff6b84df7c75b3e6e533cc65f", [:mix], [{:makeup, "~> 1.0", [hex: :makeup, repo: "hexpm", optional: false]}], "hexpm", "174d0809e98a4ef0b3309256cbf97101c6ec01c4ab0b23e926a9e17df2077cbb"},
  "nimble_parsec": {:hex, :nimble_parsec, "1.2.0", "b44d75e2a6542dcb6acf5d71c32c74ca88960421b6874777f79153bbbbd7dccc", [:mix], [], "hexpm", "52b2871a7515a5ac49b00f214e4165a40724cf99798d8e4a65e4fd64ebd002c1"},
}
